version = 1
revision = 3
requires-python = ">=3.14"
resolution-markers = [
    "sys_platform == 'win32'",
    "sys_platform == 'emscripten'",
    "sys_platform != 'emscripten' and sys_platform != 'win32'",
]

[[package]]
name = "altair"
version = "6.2.1"
source = { registry = "https://pypi.org/simple" }
dependencies = [
    { name = "jinja2" },
    { name = "jsonschema" },
    { name = "narwhals" },
    { name = "packaging" },
    { name = "typing-extensions", marker = "python_full_version < '3.15'" },
]
sdist = { url = "https://files.pythonhosted.org/packages/86/97/9a0dc61efd4f2dee29cb6d8edbbacdb789ce48cbffd98efa2b3ab145b297/altair-6.2.1.tar.gz", hash = "sha256:ca0298fa20b1a4fae22eff8847b95f74912bd90544013ad36af192119883ea64", size = 766468, upload-time = "2026-06-05T16:23:36.57Z" }
wheels = [
    { url = "https://files.pythonhosted.org/packages/dc/78/b556548d92b9e29ae68a86e7b416888820900809e189e39caf308c7d44a3/altair-6.2.1-py3-none-any.whl", hash = "sha256:bf2fee3733c3a31a588e45b857a2495a88d506970deb87f74e1613f0247446b1", size = 797498, upload-time = "2026-06-05T16:23:34.799Z" },
]

[[package]]
name = "attrs"
version = "26.1.0"
source = { registry = "https://pypi.org/simple" }
sdist = { url = "https://files.pythonhosted.org/packages/9a/8e/82a0fe20a541c03148528be8cac2408564a6c9a0cc7e9171802bc1d26985/attrs-26.1.0.tar.gz", hash = "sha256:d03ceb89cb322a8fd706d4fb91940737b6642aa36998fe130a9bc96c985eff32", size = 952055, upload-time = "2026-03-19T14:22:25.026Z" }
wheels = [
    { url = "https://files.pythonhosted.org/packages/64/b4/17d4b0b2a2dc85a6df63d1157e028ed19f90d4cd97c36717afef2bc2f395/attrs-26.1.0-py3-none-any.whl", hash = "sha256:c647aa4a12dfbad9333ca4e71fe62ddc36f4e63b2d260a37a8b83d2f043ac309", size = 67548, upload-time = "2026-03-19T14:22:23.645Z" },
]

[[package]]
name = "jinja2"
version = "3.1.6"
source = { registry = "https://pypi.org/simple" }
dependencies = [
    { name = "markupsafe" },
]
sdist = { url = "https://files.pythonhosted.org/packages/df/bf/f7da0350254c0ed7c72f3e33cef02e048281fec7ecec5f032d4aac52226b/jinja2-3.1.6.tar.gz", hash = "sha256:0137fb05990d35f1275a587e9aee6d56da821fc83491a0fb838183be43f66d6d", size = 245115, upload-time = "2025-03-05T20:05:02.478Z" }
wheels = [
    { url = "https://files.pythonhosted.org/packages/62/a1/3d680cbfd5f4b8f15abc1d571870c5fc3e594bb582bc3b64ea099db13e56/jinja2-3.1.6-py3-none-any.whl", hash = "sha256:85ece4451f492d0c13c5dd7c13a64681a86afae63a5f347908daf103ce6d2f67", size = 134899, upload-time = "2025-03-05T20:05:00.369Z" },
]

[[package]]
name = "jsonschema"
version = "4.26.0"
source = { registry = "https://pypi.org/simple" }
dependencies = [
    { name = "attrs" },
    { name = "jsonschema-specifications" },
    { name = "referencing" },
    { name = "rpds-py" },
]
sdist = { url = "https://files.pythonhosted.org/packages/b3/fc/e067678238fa451312d4c62bf6e6cf5ec56375422aee02f9cb5f909b3047/jsonschema-4.26.0.tar.gz", hash = "sha256:0c26707e2efad8aa1bfc5b7ce170f3fccc2e4918ff85989ba9ffa9facb2be326", size = 366583, upload-time = "2026-01-07T13:41:07.246Z" }
wheels = [
    { url = "https://files.pythonhosted.org/packages/69/90/f63fb5873511e014207a475e2bb4e8b2e570d655b00ac19a9a0ca0a385ee/jsonschema-4.26.0-py3-none-any.whl", hash = "sha256:d489f15263b8d200f8387e64b4c3a75f06629559fb73deb8fdfb525f2dab50ce", size = 90630, upload-time = "2026-01-07T13:41:05.306Z" },
]

[[package]]
name = "jsonschema-specifications"
version = "2025.9.1"
source = { registry = "https://pypi.org/simple" }
dependencies = [
    { name = "referencing" },
]
sdist = { url = "https://files.pythonhosted.org/packages/19/74/a633ee74eb36c44aa6d1095e7cc5569bebf04342ee146178e2d36600708b/jsonschema_specifications-2025.9.1.tar.gz", hash = "sha256:b540987f239e745613c7a9176f3edb72b832a4ac465cf02712288397832b5e8d", size = 32855, upload-time = "2025-09-08T01:34:59.186Z" }
wheels = [
    { url = "https://files.pythonhosted.org/packages/41/45/1a4ed80516f02155c51f51e8cedb3c1902296743db0bbc66608a0db2814f/jsonschema_specifications-2025.9.1-py3-none-any.whl", hash = "sha256:98802fee3a11ee76ecaca44429fda8a41bff98b00a0f2838151b113f210cc6fe", size = 18437, upload-time = "2025-09-08T01:34:57.871Z" },
]

[[package]]
name = "markupsafe"
version = "3.0.3"
source = { registry = "https://pypi.org/simple" }
sdist = { url = "https://files.pythonhosted.org/packages/7e/99/7690b6d4034fffd95959cbe0c02de8deb3098cc577c67bb6a24fe5d7caa7/markupsafe-3.0.3.tar.gz", hash = "sha256:722695808f4b6457b320fdc131280796bdceb04ab50fe1795cd540799ebe1698", size = 80313, upload-time = "2025-09-27T18:37:40.426Z" }
wheels = [
    { url = "https://files.pythonhosted.org/packages/33/8a/8e42d4838cd89b7dde187011e97fe6c3af66d8c044997d2183fbd6d31352/markupsafe-3.0.3-cp314-cp314-macosx_10_13_x86_64.whl", hash = "sha256:eaa9599de571d72e2daf60164784109f19978b327a3910d3e9de8c97b5b70cfe", size = 11619, upload-time = "2025-09-27T18:37:06.342Z" },
    { url = "https://files.pythonhosted.org/packages/b5/64/7660f8a4a8e53c924d0fa05dc3a55c9cee10bbd82b11c5afb27d44b096ce/markupsafe-3.0.3-cp314-cp314-macosx_11_0_arm64.whl", hash = "sha256:c47a551199eb8eb2121d4f0f15ae0f923d31350ab9280078d1e5f12b249e0026", size = 12029, upload-time = "2025-09-27T18:37:07.213Z" },
    { url = "https://files.pythonhosted.org/packages/da/ef/e648bfd021127bef5fa12e1720ffed0c6cbb8310c8d9bea7266337ff06de/markupsafe-3.0.3-cp314-cp314-manylinux2014_aarch64.manylinux_2_17_aarch64.manylinux_2_28_aarch64.whl", hash = "sha256:f34c41761022dd093b4b6896d4810782ffbabe30f2d443ff5f083e0cbbb8c737", size = 24408, upload-time = "2025-09-27T18:37:09.572Z" },
    { url = "https://files.pythonhosted.org/packages/41/3c/a36c2450754618e62008bf7435ccb0f88053e07592e6028a34776213d877/markupsafe-3.0.3-cp314-cp314-manylinux2014_x86_64.manylinux_2_17_x86_64.manylinux_2_28_x86_64.whl", hash = "sha256:457a69a9577064c05a97c41f4e65148652db078a3a509039e64d3467b9e7ef97", size = 23005, upload-time = "2025-09-27T18:37:10.58Z" },
    { url = "https://files.pythonhosted.org/packages/bc/20/b7fdf89a8456b099837cd1dc21974632a02a999ec9bf7ca3e490aacd98e7/markupsafe-3.0.3-cp314-cp314-manylinux_2_31_riscv64.manylinux_2_39_riscv64.whl", hash = "sha256:e8afc3f2ccfa24215f8cb28dcf43f0113ac3c37c2f0f0806d8c70e4228c5cf4d", size = 22048, upload-time = "2025-09-27T18:37:11.547Z" },
    { url = "https://files.pythonhosted.org/packages/9a/a7/591f592afdc734f47db08a75793a55d7fbcc6902a723ae4cfbab61010cc5/markupsafe-3.0.3-cp314-cp314-musllinux_1_2_aarch64.whl", hash = "sha256:ec15a59cf5af7be74194f7ab02d0f59a62bdcf1a537677ce67a2537c9b87fcda", size = 23821, upload-time = "2025-09-27T18:37:12.48Z" },
    { url = "https://files.pythonhosted.org/packages/7d/33/45b24e4f44195b26521bc6f1a82197118f74df348556594bd2262bda1038/markupsafe-3.0.3-cp314-cp314-musllinux_1_2_riscv64.whl", hash = "sha256:0eb9ff8191e8498cca014656ae6b8d61f39da5f95b488805da4bb029cccbfbaf", size = 21606, upload-time = "2025-09-27T18:37:13.485Z" },
    { url = "https://files.pythonhosted.org/packages/ff/0e/53dfaca23a69fbfbbf17a4b64072090e70717344c52eaaaa9c5ddff1e5f0/markupsafe-3.0.3-cp314-cp314-musllinux_1_2_x86_64.whl", hash = "sha256:2713baf880df847f2bece4230d4d094280f4e67b1e813eec43b4c0e144a34ffe", size = 23043, upload-time = "2025-09-27T18:37:14.408Z" },
    { url = "https://files.pythonhosted.org/packages/46/11/f333a06fc16236d5238bfe74daccbca41459dcd8d1fa952e8fbd5dccfb70/markupsafe-3.0.3-cp314-cp314-win32.whl", hash = "sha256:729586769a26dbceff69f7a7dbbf59ab6572b99d94576a5592625d5b411576b9", size = 14747, upload-time = "2025-09-27T18:37:15.36Z" },
    { url = "https://files.pythonhosted.org/packages/28/52/182836104b33b444e400b14f797212f720cbc9ed6ba34c800639d154e821/markupsafe-3.0.3-cp314-cp314-win_amd64.whl", hash = "sha256:bdc919ead48f234740ad807933cdf545180bfbe9342c2bb451556db2ed958581", size = 15341, upload-time = "2025-09-27T18:37:16.496Z" },
    { url = "https://files.pythonhosted.org/packages/6f/18/acf23e91bd94fd7b3031558b1f013adfa21a8e407a3fdb32745538730382/markupsafe-3.0.3-cp314-cp314-win_arm64.whl", hash = "sha256:5a7d5dc5140555cf21a6fefbdbf8723f06fcd2f63ef108f2854de715e4422cb4", size = 14073, upload-time = "2025-09-27T18:37:17.476Z" },
    { url = "https://files.pythonhosted.org/packages/3c/f0/57689aa4076e1b43b15fdfa646b04653969d50cf30c32a102762be2485da/markupsafe-3.0.3-cp314-cp314t-macosx_10_13_x86_64.whl", hash = "sha256:1353ef0c1b138e1907ae78e2f6c63ff67501122006b0f9abad68fda5f4ffc6ab", size = 11661, upload-time = "2025-09-27T18:37:18.453Z" },
    { url = "https://files.pythonhosted.org/packages/89/c3/2e67a7ca217c6912985ec766c6393b636fb0c2344443ff9d91404dc4c79f/markupsafe-3.0.3-cp314-cp314t-macosx_11_0_arm64.whl", hash = "sha256:1085e7fbddd3be5f89cc898938f42c0b3c711fdcb37d75221de2666af647c175", size = 12069, upload-time = "2025-09-27T18:37:19.332Z" },
    { url = "https://files.pythonhosted.org/packages/f0/00/be561dce4e6ca66b15276e184ce4b8aec61fe83662cce2f7d72bd3249d28/markupsafe-3.0.3-cp314-cp314t-manylinux2014_aarch64.manylinux_2_17_aarch64.manylinux_2_28_aarch64.whl", hash = "sha256:1b52b4fb9df4eb9ae465f8d0c228a00624de2334f216f178a995ccdcf82c4634", size = 25670, upload-time = "2025-09-27T18:37:20.245Z" },
    { url = "https://files.pythonhosted.org/packages/50/09/c419f6f5a92e5fadde27efd190eca90f05e1261b10dbd8cbcb39cd8ea1dc/markupsafe-3.0.3-cp314-cp314t-manylinux2014_x86_64.manylinux_2_17_x86_64.manylinux_2_28_x86_64.whl", hash = "sha256:fed51ac40f757d41b7c48425901843666a6677e3e8eb0abcff09e4ba6e664f50", size = 23598, upload-time = "2025-09-27T18:37:21.177Z" },
    { url = "https://files.pythonhosted.org/packages/22/44/a0681611106e0b2921b3033fc19bc53323e0b50bc70cffdd19f7d679bb66/markupsafe-3.0.3-cp314-cp314t-manylinux_2_31_riscv64.manylinux_2_39_riscv64.whl", hash = "sha256:f190daf01f13c72eac4efd5c430a8de82489d9cff23c364c3ea822545032993e", size = 23261, upload-time = "2025-09-27T18:37:22.167Z" },
    { url = "https://files.pythonhosted.org/packages/5f/57/1b0b3f100259dc9fffe780cfb60d4be71375510e435efec3d116b6436d43/markupsafe-3.0.3-cp314-cp314t-musllinux_1_2_aarch64.whl", hash = "sha256:e56b7d45a839a697b5eb268c82a71bd8c7f6c94d6fd50c3d577fa39a9f1409f5", size = 24835, upload-time = "2025-09-27T18:37:23.296Z" },
    { url = "https://files.pythonhosted.org/packages/26/6a/4bf6d0c97c4920f1597cc14dd720705eca0bf7c787aebc6bb4d1bead5388/markupsafe-3.0.3-cp314-cp314t-musllinux_1_2_riscv64.whl", hash = "sha256:f3e98bb3798ead92273dc0e5fd0f31ade220f59a266ffd8a4f6065e0a3ce0523", size = 22733, upload-time = "2025-09-27T18:37:24.237Z" },
    { url = "https://files.pythonhosted.org/packages/14/c7/ca723101509b518797fedc2fdf79ba57f886b4aca8a7d31857ba3ee8281f/markupsafe-3.0.3-cp314-cp314t-musllinux_1_2_x86_64.whl", hash = "sha256:5678211cb9333a6468fb8d8be0305520aa073f50d17f089b5b4b477ea6e67fdc", size = 23672, upload-time = "2025-09-27T18:37:25.271Z" },
    { url = "https://files.pythonhosted.org/packages/fb/df/5bd7a48c256faecd1d36edc13133e51397e41b73bb77e1a69deab746ebac/markupsafe-3.0.3-cp314-cp314t-win32.whl", hash = "sha256:915c04ba3851909ce68ccc2b8e2cd691618c4dc4c4232fb7982bca3f41fd8c3d", size = 14819, upload-time = "2025-09-27T18:37:26.285Z" },
    { url = "https://files.pythonhosted.org/packages/1a/8a/0402ba61a2f16038b48b39bccca271134be00c5c9f0f623208399333c448/markupsafe-3.0.3-cp314-cp314t-win_amd64.whl", hash = "sha256:4faffd047e07c38848ce017e8725090413cd80cbc23d86e55c587bf979e579c9", size = 15426, upload-time = "2025-09-27T18:37:27.316Z" },
    { url = "https://files.pythonhosted.org/packages/70/bc/6f1c2f612465f5fa89b95bead1f44dcb607670fd42891d8fdcd5d039f4f4/markupsafe-3.0.3-cp314-cp314t-win_arm64.whl", hash = "sha256:32001d6a8fc98c8cb5c947787c5d08b0a50663d139f1305bac5885d98d9b40fa", size = 14146, upload-time = "2025-09-27T18:37:28.327Z" },
]

[[package]]
name = "narwhals"
version = "2.22.1"
source = { registry = "https://pypi.org/simple" }
sdist = { url = "https://files.pythonhosted.org/packages/62/3c/c4ef2164a71c1a63d7f1ae411c4082c5fa872405106db60a4b7114989ad7/narwhals-2.22.1.tar.gz", hash = "sha256:d62920805a0a43b7ff8b54b0c0d3142d796f8a9301836ada37e573d6a33cbcd9", size = 647493, upload-time = "2026-06-05T12:34:34.051Z" }
wheels = [
    { url = "https://files.pythonhosted.org/packages/48/ca/36339329c4604adbcc99c899b7eb1ce1a555c499b6a6860757dc9bfed36d/narwhals-2.22.1-py3-none-any.whl", hash = "sha256:60567d774edf77db53906f89d9fbd164e66e56d66d388e1e6990f17ac33cfb53", size = 454815, upload-time = "2026-06-05T12:34:32.289Z" },
]

[[package]]
name = "numpy"
version = "2.4.6"
source = { registry = "https://pypi.org/simple" }
sdist = { url = "https://files.pythonhosted.org/packages/d0/ad/fed0499ce6a338d2a03ebae59cd15093910c8875328855781952abf6c2fe/numpy-2.4.6.tar.gz", hash = "sha256:f3a3570c4a2a16746ac2c31a7c7c7b0c186b95ce902e33db6f28094ed7387dda", size = 20735807, upload-time = "2026-05-18T23:37:14.07Z" }
wheels = [
    { url = "https://files.pythonhosted.org/packages/f8/91/3ab2044d05fd16d343c5ac2e69b127f1b2854040dd20b193257c78028bd3/numpy-2.4.6-cp314-cp314-macosx_10_15_x86_64.whl", hash = "sha256:06ca2f61ec4385a07a6977c55ba998a4466c123642b4a32694d3128fce18c079", size = 16683458, upload-time = "2026-05-18T23:35:38.353Z" },
    { url = "https://files.pythonhosted.org/packages/8e/62/764ce66fa4147ae6d73071a3abf804ffe606f174618697c571acdf26a7c9/numpy-2.4.6-cp314-cp314-macosx_11_0_arm64.whl", hash = "sha256:38efbc8de75c7a0fc1ac190162d892787f3f47b57cc291231aafee36b80982b7", size = 14704559, upload-time = "2026-05-18T23:35:42.14Z" },
    { url = "https://files.pythonhosted.org/packages/60/61/23f27c172f022e04025b7dc2367f4d63c1a398120607ec896228649a6f48/numpy-2.4.6-cp314-cp314-macosx_14_0_arm64.whl", hash = "sha256:d581b735e177fdcdce6fed8e7e8880a3fb6ee4e3653a3ac6af01c6f4c03effc5", size = 5209716, upload-time = "2026-05-18T23:35:45.377Z" },
    { url = "https://files.pythonhosted.org/packages/03/71/21cf70dc6ea3e3acb95fc53a265b2fc248b981f0194ceb5b475271b8809d/numpy-2.4.6-cp314-cp314-macosx_14_0_x86_64.whl", hash = "sha256:0a041d3d761dc3c35cc56ce0351506a02bcbc25f7b169f652435141a17db9096", size = 6543947, upload-time = "2026-05-18T23:35:47.926Z" },
    { url = "https://files.pythonhosted.org/packages/d5/91/64288395ee1799bd2e0b04a305dce9666da90c961e1f3fe982a05ee1c036/numpy-2.4.6-cp314-cp314-manylinux_2_27_aarch64.manylinux_2_28_aarch64.whl", hash = "sha256:40fdc1ae7125e518ea98e53e69a4ebc27e1fd50510c47b7ea130cf21e5e1d42b", size = 15685197, upload-time = "2026-05-18T23:35:50.863Z" },
    { url = "https://files.pythonhosted.org/packages/f3/eb/ebffaa97dc55502df69584a8f0dcf07f69a3e0b3e2323670a2722db9aa39/numpy-2.4.6-cp314-cp314-manylinux_2_27_x86_64.manylinux_2_28_x86_64.whl", hash = "sha256:a2c306dea656c12c68f51f4cea133cbe78ca7435eb28c735eac1d3ebe73be6e8", size = 16638245, upload-time = "2026-05-18T23:35:54.752Z" },
    { url = "https://files.pythonhosted.org/packages/b8/0b/54f9da33128d7e350fab89c7455902eeae70349ee52bddb448dc4a576f45/numpy-2.4.6-cp314-cp314-musllinux_1_2_aarch64.whl", hash = "sha256:33111801a01c12a8a1e3721f0a9232f8cfc8ae2c6b7098167e6f623c6073f402", size = 17036587, upload-time = "2026-05-18T23:35:58.355Z" },
    { url = "https://files.pythonhosted.org/packages/b6/f0/fdebc1052db1cc37c64beb22072d67cd6d1c71adca1299f53dec2b5e20d3/numpy-2.4.6-cp314-cp314-musllinux_1_2_x86_64.whl", hash = "sha256:ae506e6902902557576a26ff33eda8695e7ecb3cb36c3b573a0765dee114ebdb", size = 18363226, upload-time = "2026-05-18T23:36:02.845Z" },
    { url = "https://files.pythonhosted.org/packages/aa/b4/298628d98c72b57e57f7165ae6a481a1deaf6f3c28262a6e4c739c275930/numpy-2.4.6-cp314-cp314-win32.whl", hash = "sha256:aaf159caa35993cb1f56fb9b8e4610d35758e7ca005412eb1daa856a78c9c4b1", size = 6010196, upload-time = "2026-05-18T23:36:05.92Z" },
    { url = "https://files.pythonhosted.org/packages/df/ac/46de6dda46478f7942f839e094970be2d4a861e005c4b3bf07c92e291a09/numpy-2.4.6-cp314-cp314-win_amd64.whl", hash = "sha256:b507f5c4c1d508876d1819b6bf9a49d365b96320b5d4993426b33a23ca4b8261", size = 12450334, upload-time = "2026-05-18T23:36:09.107Z" },
    { url = "https://files.pythonhosted.org/packages/78/92/b8b798ac784102c0da830d2257d59358e3d3d90d1e2b3f2575dad976c5cf/numpy-2.4.6-cp314-cp314-win_arm64.whl", hash = "sha256:6f41ae150c4e32db4f3310cdaf64b1593a03dbabe29eec77fc9b50fe64061df6", size = 10495678, upload-time = "2026-05-18T23:36:12.766Z" },
    { url = "https://files.pythonhosted.org/packages/30/34/ec28d1aa8115971537c01469ab2011ee96827930f0a124de1000cc2a7ed7/numpy-2.4.6-cp314-cp314t-macosx_11_0_arm64.whl", hash = "sha256:ece3d2cfe132e7d51f44a832b303895e6f2d499c5e74dfbdb06ee246147a304a", size = 14823672, upload-time = "2026-05-18T23:36:16.473Z" },
    { url = "https://files.pythonhosted.org/packages/16/bd/f6d1fede4e54e8042a7ff97bb495510f3c220f94bcd9e8b228e87c92cc0d/numpy-2.4.6-cp314-cp314t-macosx_14_0_arm64.whl", hash = "sha256:e3e5193ef5a3dc73bceee50f7fdc2c90dbb76c42df8d8fae3d1067a583df579e", size = 5328731, upload-time = "2026-05-18T23:36:19.767Z" },
    { url = "https://files.pythonhosted.org/packages/f4/f0/e105b9e2fd728a9910103884decd6951d9dd73896b914a98d9a231de02ee/numpy-2.4.6-cp314-cp314t-macosx_14_0_x86_64.whl", hash = "sha256:17f9ade344e7d9b464a084d69bcf18fc691cb1db67c62ed80820bf4926d78f0e", size = 6649805, upload-time = "2026-05-18T23:36:22.266Z" },
    { url = "https://files.pythonhosted.org/packages/82/dd/1206a7ca6ab15e3f02069707ca96222e202af681bb73756da7527f3cb837/numpy-2.4.6-cp314-cp314t-manylinux_2_27_aarch64.manylinux_2_28_aarch64.whl", hash = "sha256:9cd5ffd25db4e7ba6a375693b3fc0fc1791ec636c17db3720da19bde7180ec43", size = 15730496, upload-time = "2026-05-18T23:36:25.713Z" },
    { url = "https://files.pythonhosted.org/packages/51/e7/38d3ea825dcab85a591734decb2f6c67caa7c8367d374df1a1c3842f9b07/numpy-2.4.6-cp314-cp314t-manylinux_2_27_x86_64.manylinux_2_28_x86_64.whl", hash = "sha256:7d92c3819208a60205a12a245c91ad70cb0a85336659b19b834205573ac8456e", size = 16679616, upload-time = "2026-05-18T23:36:29.652Z" },
    { url = "https://files.pythonhosted.org/packages/93/b7/caabfdf53edf663e0b4eb74d7d405d83baef09eb5e83bcd32d601d72b93e/numpy-2.4.6-cp314-cp314t-musllinux_1_2_aarch64.whl", hash = "sha256:e85b752a1e912b70eaad4fafbd4d1238007ab221de2009b9a2f5ae7461239895", size = 17085145, upload-time = "2026-05-18T23:36:33.449Z" },
    { url = "https://files.pythonhosted.org/packages/f9/45/68d7c33a6bcf3e5aa3bdbd57a367e6f615286dfd6482f97e8ffeb734306e/numpy-2.4.6-cp314-cp314t-musllinux_1_2_x86_64.whl", hash = "sha256:29cb7f67d10b479ff07c17d33e39f78c07f71c40ef30d63c153d340e96cd3fb4", size = 18403813, upload-time = "2026-05-18T23:36:37.369Z" },
    { url = "https://files.pythonhosted.org/packages/9c/50/0753655aa844c99cd9e018aacf76f130f1bd81d881bb74bc0aef5d73a8ba/numpy-2.4.6-cp314-cp314t-win32.whl", hash = "sha256:260a5d70215b61ab4fadf5c7baacd64821842975eea312125ed3c39a6391b063", size = 6156982, upload-time = "2026-05-18T23:36:40.817Z" },
    { url = "https://files.pythonhosted.org/packages/b2/d4/7c67becf668f973cb490cec3e98dfd799d866f9c989a54d355672cfa0db6/numpy-2.4.6-cp314-cp314t-win_amd64.whl", hash = "sha256:81a1cca95ed5bb92aa8b10dd2cdc9a0d3853a50fad926c28b5d7e8ea54389627", size = 12638908, upload-time = "2026-05-18T23:36:43.996Z" },
    { url = "https://files.pythonhosted.org/packages/43/bb/e1c71a4295b1b1d1393d50dbb4f2a36283c6859d9d3892e84f00ec5a91d5/numpy-2.4.6-cp314-cp314t-win_arm64.whl", hash = "sha256:0c9136e14ed34a9e343a31c533d78a9813a69a3148332bce5e9821cb2f996e66", size = 10565867, upload-time = "2026-05-18T23:36:47.114Z" },
]

[[package]]
name = "packaging"
version = "26.2"
source = { registry = "https://pypi.org/simple" }
sdist = { url = "https://files.pythonhosted.org/packages/d7/f1/e7a6dd94a8d4a5626c03e4e99c87f241ba9e350cd9e6d75123f992427270/packaging-26.2.tar.gz", hash = "sha256:ff452ff5a3e828ce110190feff1178bb1f2ea2281fa2075aadb987c2fb221661", size = 228134, upload-time = "2026-04-24T20:15:23.917Z" }
wheels = [
    { url = "https://files.pythonhosted.org/packages/df/b2/87e62e8c3e2f4b32e5fe99e0b86d576da1312593b39f47d8ceef365e95ed/packaging-26.2-py3-none-any.whl", hash = "sha256:5fc45236b9446107ff2415ce77c807cee2862cb6fac22b8a73826d0693b0980e", size = 100195, upload-time = "2026-04-24T20:15:22.081Z" },
]

[[package]]
name = "pandas"
version = "3.0.3"
source = { registry = "https://pypi.org/simple" }
dependencies = [
    { name = "numpy" },
    { name = "python-dateutil" },
    { name = "tzdata", marker = "sys_platform == 'emscripten' or sys_platform == 'win32'" },
]
sdist = { url = "https://files.pythonhosted.org/packages/f8/87/4341c6252d1c47b08768c3d25ac487362bf403f0313ddae4a2a26c9b1b4c/pandas-3.0.3.tar.gz", hash = "sha256:696a4a00a2a2a35d4e5deb3fc946641b96c944f02230e4f76137fe35d806c4fc", size = 4651414, upload-time = "2026-05-11T18:54:29.21Z" }
wheels = [
    { url = "https://files.pythonhosted.org/packages/86/54/effdcc3c0ff7a08037889200e148ebe94c16c4f653be078c7b3675955df1/pandas-3.0.3-cp314-cp314-macosx_10_15_x86_64.whl", hash = "sha256:3650109c0f22879df8bd6179ab9ee3d7f1d1d4e7e0094a3f0032d9f51e2e64ac", size = 10336065, upload-time = "2026-05-11T18:53:41.099Z" },
    { url = "https://files.pythonhosted.org/packages/68/10/bf2d6738d72748b961a3751ab89522d58c54efc36a8e1a12161216cd45cf/pandas-3.0.3-cp314-cp314-macosx_11_0_arm64.whl", hash = "sha256:bab900348131a7db1f69a7309ef141fd5680f1487094193bcbbb61791573bf8f", size = 9926101, upload-time = "2026-05-11T18:53:43.515Z" },
    { url = "https://files.pythonhosted.org/packages/ae/e9/e35cf11c8a136e757b956f5f0efdcaa50aecde85ea055f1898dfc68262f3/pandas-3.0.3-cp314-cp314-manylinux_2_24_aarch64.manylinux_2_28_aarch64.whl", hash = "sha256:ba7e08b9ac1d54569cd1e256e3668975ed624d6826f7b68df0342b012007bddb", size = 10457553, upload-time = "2026-05-11T18:53:46.394Z" },
    { url = "https://files.pythonhosted.org/packages/58/3b/1cdec6772bdbaf7b25dab360c59f03cadf05492dd724c6540af905389b07/pandas-3.0.3-cp314-cp314-manylinux_2_24_x86_64.manylinux_2_28_x86_64.whl", hash = "sha256:9d71c63ae4ebdbf70209742096f1fc46a83a0613c99d4b23766cced9ff8cd62a", size = 10914065, upload-time = "2026-05-11T18:53:49.134Z" },
    { url = "https://files.pythonhosted.org/packages/c4/c2/1ef644445fcd72e3627bceec77e3560636f87ddce4ed841afe76b83b5bf9/pandas-3.0.3-cp314-cp314-musllinux_1_2_aarch64.whl", hash = "sha256:e3a2ec42c98ffa2565a67e08e218d06d72576d758d90facb7c00805194d8f360", size = 11459188, upload-time = "2026-05-11T18:53:52.527Z" },
    { url = "https://files.pythonhosted.org/packages/7e/49/4d8d4f42cbc9c4adc7a1870f269c02cbd6cd40d059622c06fb298addcbad/pandas-3.0.3-cp314-cp314-musllinux_1_2_x86_64.whl", hash = "sha256:335f62418ed562cfc3c49e9e196375c28b729dcef8543abf4f9438e381bf3c76", size = 11982966, upload-time = "2026-05-11T18:53:55.043Z" },
    { url = "https://files.pythonhosted.org/packages/38/55/792619469bab9882d8bbd5865d45a72f6478762d04a9af4bf0d08c503e95/pandas-3.0.3-cp314-cp314-win_amd64.whl", hash = "sha256:3c20a521bbb85902f79f7270c80a59e1b5452d96d170c034f207181870f97ac5", size = 9876755, upload-time = "2026-05-11T18:53:58.067Z" },
    { url = "https://files.pythonhosted.org/packages/2a/af/33c469653b0ba03b50c3a98192d4c07f0c75c66b263ceb097fce0ee97d31/pandas-3.0.3-cp314-cp314-win_arm64.whl", hash = "sha256:a2d2dff8a04f3917b55ab3910c32990f8ddf7eceba114947838cefa976a68977", size = 9198658, upload-time = "2026-05-11T18:54:00.733Z" },
    { url = "https://files.pythonhosted.org/packages/a2/fa/b8c257bd76b8bd060c3a9151c1fca05e9b9c5e3af5d0f549c0356f6d143d/pandas-3.0.3-cp314-cp314t-macosx_10_15_x86_64.whl", hash = "sha256:0d589105b3c14645af1738ff279b2995102d8f7a03b0a66dc8d95550eb513e04", size = 10787242, upload-time = "2026-05-11T18:54:03.564Z" },
    { url = "https://files.pythonhosted.org/packages/54/eb/f19206ffb0bf1919002969aa448b4702c6594845156a6f8050674855aac3/pandas-3.0.3-cp314-cp314t-macosx_11_0_arm64.whl", hash = "sha256:13fc1e853d9e04743d11ba75a985ccbc2a317fe07d8af61e445a6fd24dacd6a6", size = 10436369, upload-time = "2026-05-11T18:54:06.311Z" },
    { url = "https://files.pythonhosted.org/packages/fd/24/c7c39fb4fe22b71a0c2d78bf0c585c600092d85f94f086d2b3b2f6ca27e2/pandas-3.0.3-cp314-cp314t-manylinux_2_24_aarch64.manylinux_2_28_aarch64.whl", hash = "sha256:819959dab7bbd0049c15623fbac4e29a191b9528160a61fb1032242d8ced2d9c", size = 10358306, upload-time = "2026-05-11T18:54:09.085Z" },
    { url = "https://files.pythonhosted.org/packages/16/ec/dd2a9eb7fa1204df88c0864164e35b228ac581062ac612ba0a67fd812e4c/pandas-3.0.3-cp314-cp314t-manylinux_2_24_x86_64.manylinux_2_28_x86_64.whl", hash = "sha256:60ae316d3fd75d1858d450d0db0103ea2be3e7d4a95ec2f064f7e2ae63f7b028", size = 10758394, upload-time = "2026-05-11T18:54:11.956Z" },
    { url = "https://files.pythonhosted.org/packages/95/6e/00c61ea8e85b4f6d8d35e11852a1a4998fc7fafc91c6a602d1cc9c972d64/pandas-3.0.3-cp314-cp314t-musllinux_1_2_aarch64.whl", hash = "sha256:bd3a518890b400d32f9023722dc9a9a5c969f00b415419a3c06c043f09bb5d7d", size = 11375717, upload-time = "2026-05-11T18:54:14.539Z" },
    { url = "https://files.pythonhosted.org/packages/31/89/8fc1c268969fac43688d65fd92e67df24bd128d53cb4d2eee534cd307399/pandas-3.0.3-cp314-cp314t-musllinux_1_2_x86_64.whl", hash = "sha256:9c39be2d709d01fa972a0cabc522389fceca4f3969332ba25a7d6c5802cf976a", size = 11828897, upload-time = "2026-05-11T18:54:17.146Z" },
    { url = "https://files.pythonhosted.org/packages/56/3b/e7d20dea247a3e6dc0bd8a6953854afbedc03951def4e7371e05e7263e25/pandas-3.0.3-cp314-cp314t-win_amd64.whl", hash = "sha256:4db8c527972a821cf5286b40ccc57642a39bc62e62022b42f99f8a67fca8c3a1", size = 10900855, upload-time = "2026-05-11T18:54:19.72Z" },
    { url = "https://files.pythonhosted.org/packages/0f/54/68a0978d1ef8502b8492099beaa6e7a0c1b32e3b5d4f677f5810cb08711c/pandas-3.0.3-cp314-cp314t-win_arm64.whl", hash = "sha256:b2c95f8bfc1ee412bf482605d7bfd30c12d1d26bd59fdd91efeef1d4718decb1", size = 9466464, upload-time = "2026-05-11T18:54:22.754Z" },
]

[[package]]
name = "python-dateutil"
version = "2.9.0.post0"
source = { registry = "https://pypi.org/simple" }
dependencies = [
    { name = "six" },
]
sdist = { url = "https://files.pythonhosted.org/packages/66/c0/0c8b6ad9f17a802ee498c46e004a0eb49bc148f2fd230864601a86dcf6db/python-dateutil-2.9.0.post0.tar.gz", hash = "sha256:37dd54208da7e1cd875388217d5e00ebd4179249f90fb72437e91a35459a0ad3", size = 342432, upload-time = "2024-03-01T18:36:20.211Z" }
wheels = [
    { url = "https://files.pythonhosted.org/packages/ec/57/56b9bcc3c9c6a792fcbaf139543cee77261f3651ca9da0c93f5c1221264b/python_dateutil-2.9.0.post0-py2.py3-none-any.whl", hash = "sha256:a8b2bc7bffae282281c8140a97d3aa9c14da0b136dfe83f850eea9a5f7470427", size = 229892, upload-time = "2024-03-01T18:36:18.57Z" },
]

[[package]]
name = "referencing"
version = "0.37.0"
source = { registry = "https://pypi.org/simple" }
dependencies = [
    { name = "attrs" },
    { name = "rpds-py" },
]
sdist = { url = "https://files.pythonhosted.org/packages/22/f5/df4e9027acead3ecc63e50fe1e36aca1523e1719559c499951bb4b53188f/referencing-0.37.0.tar.gz", hash = "sha256:44aefc3142c5b842538163acb373e24cce6632bd54bdb01b21ad5863489f50d8", size = 78036, upload-time = "2025-10-13T15:30:48.871Z" }
wheels = [
    { url = "https://files.pythonhosted.org/packages/2c/58/ca301544e1fa93ed4f80d724bf5b194f6e4b945841c5bfd555878eea9fcb/referencing-0.37.0-py3-none-any.whl", hash = "sha256:381329a9f99628c9069361716891d34ad94af76e461dcb0335825aecc7692231", size = 26766, upload-time = "2025-10-13T15:30:47.625Z" },
]

[[package]]
name = "rpds-py"
version = "2026.5.1"
source = { registry = "https://pypi.org/simple" }
sdist = { url = "https://files.pythonhosted.org/packages/2e/43/25a8dcd3feedd735039a8f0b5b7e3b118232b5eae288c4fd9ab200d41094/rpds_py-2026.5.1.tar.gz", hash = "sha256:07b24fea40541e28570e5b795a4a38fbdcd12550c06bd0748005ecc8116ca256", size = 64459, upload-time = "2026-05-28T12:02:13.232Z" }
wheels = [
    { url = "https://files.pythonhosted.org/packages/d4/6f/19c1918a4b590d8de87e712e4abe4b3875771eff60216fb6153cf6665c68/rpds_py-2026.5.1-cp314-cp314-macosx_10_12_x86_64.whl", hash = "sha256:1f2c391c3059798093b65df23aca2cac150460ae9c630d99dec83d703d9485b9", size = 349756, upload-time = "2026-05-28T12:00:20.217Z" },
    { url = "https://files.pythonhosted.org/packages/e5/60/a06fe7da34eca79dacbf958a2ba0c6eea85bc2b29de20080bf40f72f66fa/rpds_py-2026.5.1-cp314-cp314-macosx_11_0_arm64.whl", hash = "sha256:413b424f7c4ee65ab5e5be91f5731be0f8b41a1ee2b12dfe810d716312e95a78", size = 343831, upload-time = "2026-05-28T12:00:21.711Z" },
    { url = "https://files.pythonhosted.org/packages/bf/ec/b2333b97b90e2a6ef6ca8ad386ee284968e74bcfe113b3f1a8d9036429a9/rpds_py-2026.5.1-cp314-cp314-manylinux_2_17_aarch64.manylinux2014_aarch64.whl", hash = "sha256:2c595a1d9255dce0599e13130d1440ab2506654f2b50294226ee06402f8fef63", size = 375127, upload-time = "2026-05-28T12:00:23.326Z" },
    { url = "https://files.pythonhosted.org/packages/14/7f/e00aae54067f2b488c4637961d5f58204d470795fc791085fa3f15060d2e/rpds_py-2026.5.1-cp314-cp314-manylinux_2_17_armv7l.manylinux2014_armv7l.whl", hash = "sha256:1c27c5f6102eac8c03e7595a00827a53b271ba40a53b59ff8709170e0855ea4a", size = 379034, upload-time = "2026-05-28T12:00:24.89Z" },
    { url = "https://files.pythonhosted.org/packages/be/cc/423999bbb8ae8dc93c77fc1d5e984ade5eb89d237d3bb884ccfa72ae2890/rpds_py-2026.5.1-cp314-cp314-manylinux_2_17_ppc64le.manylinux2014_ppc64le.whl", hash = "sha256:6c7fcf61d44cacecaf3aea542b0e053db77972a4573e7ceda16fb2b399161195", size = 490823, upload-time = "2026-05-28T12:00:26.676Z" },
    { url = "https://files.pythonhosted.org/packages/0f/aa/c671bf660f12e68d3c52ff86c7066ed1372df5a0f4f2ff584e419b8207e7/rpds_py-2026.5.1-cp314-cp314-manylinux_2_17_s390x.manylinux2014_s390x.whl", hash = "sha256:2c817a189d4ee14290420e5ff051e4dd6baa13f3edf84685071dee07a6d538ee", size = 388144, upload-time = "2026-05-28T12:00:28.577Z" },
    { url = "https://files.pythonhosted.org/packages/19/c8/d63bb75b68afe77b229e3021c6031bcaf01da5db5b0e69d0d10f9ba679a7/rpds_py-2026.5.1-cp314-cp314-manylinux_2_17_x86_64.manylinux2014_x86_64.whl", hash = "sha256:21846aac0ed2e0589f38c12dc44e77bb64e494b771eadbcf169cba00566ba7ba", size = 371959, upload-time = "2026-05-28T12:00:30.304Z" },
    { url = "https://files.pythonhosted.org/packages/82/35/c51122014d8274ff37dc606d60049c3db7d83da02b5b282511e5a906a9a6/rpds_py-2026.5.1-cp314-cp314-manylinux_2_31_riscv64.whl", hash = "sha256:b317c87a13f769a4e787819bd508aaa5d69aa09b0880de9af6d3a8a54571cdec", size = 383558, upload-time = "2026-05-28T12:00:31.764Z" },
    { url = "https://files.pythonhosted.org/packages/e3/f9/2790cb99c136a5363acdeacf5c27c56f3de0d4118a1f48fca83404c99c89/rpds_py-2026.5.1-cp314-cp314-manylinux_2_5_i686.manylinux1_i686.whl", hash = "sha256:ce87129d9f2c14fa6c4a8601fb80eb4488c80d38a20cd13758ef11123e14995d", size = 402789, upload-time = "2026-05-28T12:00:33.247Z" },
    { url = "https://files.pythonhosted.org/packages/e5/1b/e4fb584f8c75d35c38150ff6a332cda949e6f97acba1f4fd123b14ab56fe/rpds_py-2026.5.1-cp314-cp314-musllinux_1_2_aarch64.whl", hash = "sha256:9cdddb6c1207d284d94fd1530adf57fbd797fe7c4b8704ba85f49414f2557e7d", size = 551405, upload-time = "2026-05-28T12:00:34.819Z" },
    { url = "https://files.pythonhosted.org/packages/d8/f7/a6731b4216cb3793ea1af5391da240f5683dacc0d13e034fe5fc3503f240/rpds_py-2026.5.1-cp314-cp314-musllinux_1_2_i686.whl", hash = "sha256:4e237e139f94d3c036fd28eb9f564c99055476ff4ff05cd42be55ce349b5aa02", size = 616975, upload-time = "2026-05-28T12:00:36.268Z" },
    { url = "https://files.pythonhosted.org/packages/2c/ea/2e051a81d95d8e63f4b35a1c463a87e8766bc3d083c067c5dfb6bf220747/rpds_py-2026.5.1-cp314-cp314-musllinux_1_2_x86_64.whl", hash = "sha256:ed0954b524873214369184a9c82b0eaa45a3fbb9a798cd95b17e0d98499e7ea0", size = 578701, upload-time = "2026-05-28T12:00:37.82Z" },
    { url = "https://files.pythonhosted.org/packages/65/56/b5f6fdb2083e32bca8a8993d89e70db114b4756c9e2c38421328126689d2/rpds_py-2026.5.1-cp314-cp314-win32.whl", hash = "sha256:2d88621d6a7d4dfa633d21abe90f280bb205274e16b1d1e61c6ad4640b2453b7", size = 209806, upload-time = "2026-05-28T12:00:39.492Z" },
    { url = "https://files.pythonhosted.org/packages/fb/80/65a5aa96c155e611d1ed844e4e1f57f3e36b021f396d9f8585d756e6b90d/rpds_py-2026.5.1-cp314-cp314-win_amd64.whl", hash = "sha256:cef8ac28d26f4dda3533060c20fbf80a325458fa9fd23ea72a73cdfa8e978838", size = 225985, upload-time = "2026-05-28T12:00:40.94Z" },
    { url = "https://files.pythonhosted.org/packages/27/7c/ad185212e87b05f196daef92bc5f3caf07298eb47c295b5585c3dd3093ac/rpds_py-2026.5.1-cp314-cp314-win_arm64.whl", hash = "sha256:eaaea962c68cdc68d4a533ba985ab8e9484277910bbfaa2ab3ef7732667bfed8", size = 221219, upload-time = "2026-05-28T12:00:43.15Z" },
    { url = "https://files.pythonhosted.org/packages/23/58/e14ae18759020334646b031e708ab4158d653a938822bfb7b95ef2e93aa3/rpds_py-2026.5.1-cp314-cp314t-macosx_10_12_x86_64.whl", hash = "sha256:21942f52dbbd5f8758bf021213d28bd45c39e873e65e2407faf5f1846f5761ad", size = 352148, upload-time = "2026-05-28T12:00:44.638Z" },
    { url = "https://files.pythonhosted.org/packages/31/9b/5f4a1e2f960bca3ac5d052b139dd31eed97b259f9d909173821760d542e8/rpds_py-2026.5.1-cp314-cp314t-macosx_11_0_arm64.whl", hash = "sha256:f414556f6e3958300ff941e40c9f97e3dc9774ddd1b3434c475d73dd354bbed3", size = 345196, upload-time = "2026-05-28T12:00:46.14Z" },
    { url = "https://files.pythonhosted.org/packages/1a/71/1d9574d6a2fa20ab60eaa55c7467f5aa20cbc770f341a05f09c0876f59e2/rpds_py-2026.5.1-cp314-cp314t-manylinux_2_17_aarch64.manylinux2014_aarch64.whl", hash = "sha256:ef1013a8625c74043210190b246f5b1551e09757c1f356c6e4160ef96c5bc081", size = 374981, upload-time = "2026-05-28T12:00:47.531Z" },
    { url = "https://files.pythonhosted.org/packages/0c/9a/37e99f4915a80aa71670263c1267f7ae0af95f53a3f61e6c3bdc016d4515/rpds_py-2026.5.1-cp314-cp314t-manylinux_2_17_armv7l.manylinux2014_armv7l.whl", hash = "sha256:cc68e231a77a5f0d774ae278a1f8e55c0456501820847c1e4efb3829f3441df6", size = 379961, upload-time = "2026-05-28T12:00:49.216Z" },
    { url = "https://files.pythonhosted.org/packages/a8/ff/6e73f74b89d2e0715e0fc86b7dde893f9a61ae2f9b256ff3bdfe41ac4e94/rpds_py-2026.5.1-cp314-cp314t-manylinux_2_17_ppc64le.manylinux2014_ppc64le.whl", hash = "sha256:9baffb505aff33acc69b422a19f77806680f3c8632227d79f48de8a810d1c2c5", size = 495965, upload-time = "2026-05-28T12:00:51.111Z" },
    { url = "https://files.pythonhosted.org/packages/ea/e0/425faba25f59d74d4638b267f7c7a80e8649d2ef4db10a19b0c4a71e6e6f/rpds_py-2026.5.1-cp314-cp314t-manylinux_2_17_s390x.manylinux2014_s390x.whl", hash = "sha256:b8d2f912928d426e8cfa396f7f3f8d29a59e6689c86dcca3c420730c1096322b", size = 389526, upload-time = "2026-05-28T12:00:52.77Z" },
    { url = "https://files.pythonhosted.org/packages/c6/76/7a41960e3fddae47fab43a28684d5da981401dffd88253de0944148654cb/rpds_py-2026.5.1-cp314-cp314t-manylinux_2_17_x86_64.manylinux2014_x86_64.whl", hash = "sha256:90f628283be835db980c941767d41c9a27b5239e54ba0a9c1335247e82406964", size = 376190, upload-time = "2026-05-28T12:00:54.215Z" },
    { url = "https://files.pythonhosted.org/packages/27/60/5f38dc70824fc6951b51d35377e577a3a3a4c81a6769cc5a2de25ebe0ad1/rpds_py-2026.5.1-cp314-cp314t-manylinux_2_31_riscv64.whl", hash = "sha256:1ebb2f0ab7e16132995a72de805170e0203df0c3dd22e1ef1cd1fdd90bd7a131", size = 383921, upload-time = "2026-05-28T12:00:55.673Z" },
    { url = "https://files.pythonhosted.org/packages/60/1a/d60a38caa1505f4b9483c3fbbde12c94e1079154f4f401a6da96f7e77621/rpds_py-2026.5.1-cp314-cp314t-manylinux_2_5_i686.manylinux1_i686.whl", hash = "sha256:f3df3d16ded76f1f8c9cdebd0e1ea55fdf4c23b812de189814da7cf229c22a81", size = 404766, upload-time = "2026-05-28T12:00:57.518Z" },
    { url = "https://files.pythonhosted.org/packages/87/ff/602fd3f174d6425f0bce05ad0dfbec0e96b38d0f7d08a79af5aa20083885/rpds_py-2026.5.1-cp314-cp314t-musllinux_1_2_aarch64.whl", hash = "sha256:9af8905b8f854990e40d5206aa5ac58d9b0fe0b7f351ff2bb086c20f6c8c6a47", size = 551343, upload-time = "2026-05-28T12:00:58.978Z" },
    { url = "https://files.pythonhosted.org/packages/b8/c1/1be13327acdbead3eca1fde03b6a34dbb011f1e864e217f0d32cc1779a7f/rpds_py-2026.5.1-cp314-cp314t-musllinux_1_2_i686.whl", hash = "sha256:036a36a87fb1cd3b214d11c4b3c4f7d2ddad933625dca1c900b56a057c07740a", size = 618502, upload-time = "2026-05-28T12:01:00.656Z" },
    { url = "https://files.pythonhosted.org/packages/f3/d7/afb49b49d7f2be8b7ba1a9f0977fa5168003437b93086726f066544e8351/rpds_py-2026.5.1-cp314-cp314t-musllinux_1_2_x86_64.whl", hash = "sha256:62ae3853454fe9ef283a03c96c2d835d39e84b14643a9d62c82ef0fb87d702ca", size = 581916, upload-time = "2026-05-28T12:01:02.22Z" },
    { url = "https://files.pythonhosted.org/packages/25/d1/dbef8c1f8a10f07beb62b5f054e20099fd9924b3ec001b8f0b6ac7813a85/rpds_py-2026.5.1-cp314-cp314t-win32.whl", hash = "sha256:6c3d771a46ec18b12af06ce36243a9a80b07a5d0515236332d90863ca8bb326a", size = 207855, upload-time = "2026-05-28T12:01:03.821Z" },
    { url = "https://files.pythonhosted.org/packages/2a/72/bfa4e61ab8e7dc1c8adf397e05e6cbdd4239357bd72b248d3de662f23915/rpds_py-2026.5.1-cp314-cp314t-win_amd64.whl", hash = "sha256:c93c629be4636cf54337bd5f06c104d55e42ced54d681f6fe21ae510a65116f6", size = 225422, upload-time = "2026-05-28T12:01:05.194Z" },
    { url = "https://files.pythonhosted.org/packages/27/3a/7b5da92b640f67b6717ccafc83cdd06bfa7ff2395c3685c68922bb54d703/rpds_py-2026.5.1-cp315-cp315-macosx_10_12_x86_64.whl", hash = "sha256:3574b55c604b8f75dacb007136508bbc0db406e626301778096a133327e7f2fb", size = 349576, upload-time = "2026-05-28T12:01:06.722Z" },
    { url = "https://files.pythonhosted.org/packages/d7/8a/2aafd7ad355a1bd48ca76e2262b74b15e6432b5a1efe150efd4d779cd55d/rpds_py-2026.5.1-cp315-cp315-macosx_11_0_arm64.whl", hash = "sha256:94068eb3ae6d43f5a786b7db96a406a34e6d5c24489feef32fd6e8946ea7b291", size = 343640, upload-time = "2026-05-28T12:01:08.441Z" },
    { url = "https://files.pythonhosted.org/packages/f7/7d/6c9523c1abbe840a1b7fba3c516d48e1d3487cc80fea4366c4071cf56784/rpds_py-2026.5.1-cp315-cp315-manylinux_2_17_aarch64.manylinux2014_aarch64.whl", hash = "sha256:f3a5b10e8ce894825f380a8f1b6444cf73c294dfea62afbb2d13e3a9e630cec1", size = 375322, upload-time = "2026-05-28T12:01:09.934Z" },
    { url = "https://files.pythonhosted.org/packages/5a/5d/0b7b03fb1dc509321f01de3149784ab773e34c8573022029af8076afcb9c/rpds_py-2026.5.1-cp315-cp315-manylinux_2_17_armv7l.manylinux2014_armv7l.whl", hash = "sha256:fc09f82e63d4bcd58149572f857a431bae851dc747e313c3b5bdf7abb907fda8", size = 379066, upload-time = "2026-05-28T12:01:11.48Z" },
    { url = "https://files.pythonhosted.org/packages/d7/e2/8ef6012999ebf1cb1c22f876d9ce5e63d960fd4631d2af3202d3f480aa25/rpds_py-2026.5.1-cp315-cp315-manylinux_2_17_ppc64le.manylinux2014_ppc64le.whl", hash = "sha256:e10464d17df3b582745c25cec695cb9558bca2cb6ddb631aee1787fc72c767b2", size = 494586, upload-time = "2026-05-28T12:01:13.051Z" },
    { url = "https://files.pythonhosted.org/packages/80/af/1eeb029bec67582c226b7809172207cd005073af4ebd906e65ff494f4983/rpds_py-2026.5.1-cp315-cp315-manylinux_2_17_s390x.manylinux2014_s390x.whl", hash = "sha256:ba05adbf15d994c38ec0b7ab32e858e5110c21e9009a00a86545fd220f84e038", size = 388415, upload-time = "2026-05-28T12:01:14.631Z" },
    { url = "https://files.pythonhosted.org/packages/18/23/ffbe10711c4d766c1cab0557d6906c074f795814863c67b351355d29354a/rpds_py-2026.5.1-cp315-cp315-manylinux_2_17_x86_64.manylinux2014_x86_64.whl", hash = "sha256:77c004fdc7b891967106f78ddfd7b076bfe6813c6139c6fff6aed3bcaa960b26", size = 372427, upload-time = "2026-05-28T12:01:16.153Z" },
    { url = "https://files.pythonhosted.org/packages/bd/3a/30ba4a6ad457e5b070c18d742a33fb77d8d922b565cc881f8a5313d63bfe/rpds_py-2026.5.1-cp315-cp315-manylinux_2_31_riscv64.whl", hash = "sha256:83bcf894486c9d78dd290d3c0124ff6dd8875d3025e2090a8ec49fcc37c55fdd", size = 383615, upload-time = "2026-05-28T12:01:17.809Z" },
    { url = "https://files.pythonhosted.org/packages/d3/69/62e242b53ce39c0814bd24e1a6e6eba6c92be716277745f317f9540a2e7b/rpds_py-2026.5.1-cp315-cp315-manylinux_2_5_i686.manylinux1_i686.whl", hash = "sha256:c3df104083952a0e0c6f10de33e440eabe98fb6317d23e1a58c68f6df08d01b9", size = 402786, upload-time = "2026-05-28T12:01:19.419Z" },
    { url = "https://files.pythonhosted.org/packages/38/c1/a770b9c186928a1ed0f7e6d7ae50e7f3950ed23e3f9e366dbc8e38cb55de/rpds_py-2026.5.1-cp315-cp315-musllinux_1_2_aarch64.whl", hash = "sha256:980450826cf22e133c57e0835070bdd0dd3f73b9b708c3ce223def2cb9469e14", size = 551583, upload-time = "2026-05-28T12:01:21.013Z" },
    { url = "https://files.pythonhosted.org/packages/21/7c/68e8579b95375b70d2a963103c42e705856cdb98569258bd807f4423891c/rpds_py-2026.5.1-cp315-cp315-musllinux_1_2_i686.whl", hash = "sha256:205dde846f24332ab0c1188699a043b8d165b79bb84529ce272c45048ff6be01", size = 616941, upload-time = "2026-05-28T12:01:22.548Z" },
    { url = "https://files.pythonhosted.org/packages/70/a1/a6135aed5730ff03ab957182259987ac11e55fb392a28dc6f0592048a280/rpds_py-2026.5.1-cp315-cp315-musllinux_1_2_x86_64.whl", hash = "sha256:3966b82dd563176396df030f3dd52a6e54cb69b718e95e78bd555ed3d1e0185d", size = 578349, upload-time = "2026-05-28T12:01:24.118Z" },
    { url = "https://files.pythonhosted.org/packages/09/6e/f24201a76a84e6c49d0bdfdfcb735210e21701e9b21c5bfc0ba497dd62f6/rpds_py-2026.5.1-cp315-cp315-win32.whl", hash = "sha256:7818f8d0a415be74d2be3590b0a1c1f463a642f4d0217e7d10602dceef5b79aa", size = 209922, upload-time = "2026-05-28T12:01:25.522Z" },
    { url = "https://files.pythonhosted.org/packages/9e/e4/966bc240bb0485fc265278f6de44d05834bf0b3618886e0b22e33d54c49a/rpds_py-2026.5.1-cp315-cp315-win_amd64.whl", hash = "sha256:b3cc20c0d800af78fd0fac68086e28c1856cec51ea528bb81ea851aa40d39325", size = 226003, upload-time = "2026-05-28T12:01:27.062Z" },
    { url = "https://files.pythonhosted.org/packages/5c/5c/a15a59269cd5e74472734516c73795c15eccfc841b3d4b0228c3f53f19d0/rpds_py-2026.5.1-cp315-cp315-win_arm64.whl", hash = "sha256:3609e9939a8a76cd904cf98a3f1f13b5dc7e150adeaee89e0ea09652ea213e16", size = 221245, upload-time = "2026-05-28T12:01:28.51Z" },
    { url = "https://files.pythonhosted.org/packages/e0/22/135ce03804e179a71ceb13be095deda4a279bc88f7a6b8fa161c5ad44e12/rpds_py-2026.5.1-cp315-cp315t-macosx_10_12_x86_64.whl", hash = "sha256:5d333a7127d4b307601ac37792bee01bb95c867cbfacf21b6375b804d6bbd723", size = 352015, upload-time = "2026-05-28T12:01:30.214Z" },
    { url = "https://files.pythonhosted.org/packages/3b/5f/f1f6d2652eb9d848f6eb369d8db83a2da6249bb49ad2c2a48f45d54538d3/rpds_py-2026.5.1-cp315-cp315t-macosx_11_0_arm64.whl", hash = "sha256:b5f077b44a4f7808520f66dae234988d867deb9aed9be5da057ce9ba831b2a41", size = 345016, upload-time = "2026-05-28T12:01:31.656Z" },
    { url = "https://files.pythonhosted.org/packages/88/66/b74182775691ea2290c99e52ac8d5db844e56fbec90ce421f107658c8314/rpds_py-2026.5.1-cp315-cp315t-manylinux_2_17_aarch64.manylinux2014_aarch64.whl", hash = "sha256:55d8f9b7b78c9538fc9e04e82ec0e888ff0c3cffcfad152c77e57cd09351a98a", size = 374775, upload-time = "2026-05-28T12:01:33.136Z" },
    { url = "https://files.pythonhosted.org/packages/ff/8f/15e5a61d9f0a43902d36561d4f07cae6ae9f4716be825159fd72717f33af/rpds_py-2026.5.1-cp315-cp315t-manylinux_2_17_armv7l.manylinux2014_armv7l.whl", hash = "sha256:e3a8ae58895ac107ed934a6bf51e5846f95c53b9b940c2c6d310838fd5846358", size = 380270, upload-time = "2026-05-28T12:01:34.574Z" },
    { url = "https://files.pythonhosted.org/packages/02/c3/f859b12763a80540cdf2af0f15b19904cf756a71d7bdd3f82ff3e5b1bbf9/rpds_py-2026.5.1-cp315-cp315t-manylinux_2_17_ppc64le.manylinux2014_ppc64le.whl", hash = "sha256:0957cf3c2b8632ec7aaebffebea8005b353cc2a237b6e2ae3c2cac0820704cfb", size = 495285, upload-time = "2026-05-28T12:01:36.127Z" },
    { url = "https://files.pythonhosted.org/packages/1c/c7/ff27c2ac8411d30b03b1829fd88cae8dad1a4d0da48dd25e57c4038042e6/rpds_py-2026.5.1-cp315-cp315t-manylinux_2_17_s390x.manylinux2014_s390x.whl", hash = "sha256:c396c1304de421050b3681ea70f371874b54d41b0151e96109758144c231e30b", size = 389581, upload-time = "2026-05-28T12:01:37.635Z" },
    { url = "https://files.pythonhosted.org/packages/6e/67/fe92ee32a6cc05c77228a2f8b1762e7124f386ec20ff83d0757b762d58d0/rpds_py-2026.5.1-cp315-cp315t-manylinux_2_17_x86_64.manylinux2014_x86_64.whl", hash = "sha256:aad1bff7f666b9598e573815affd666aac6a13a585dde336f843e33350c7fadc", size = 376041, upload-time = "2026-05-28T12:01:39.307Z" },
    { url = "https://files.pythonhosted.org/packages/f8/91/b4d6685c27aba55bd82f25b278be8237038117d05f9659a6213ad3408130/rpds_py-2026.5.1-cp315-cp315t-manylinux_2_31_riscv64.whl", hash = "sha256:656a042550878f12d45752452d47094b7cfe5ad1e9d7b87b5a22ad3ae5ff8015", size = 383946, upload-time = "2026-05-28T12:01:41.043Z" },
    { url = "https://files.pythonhosted.org/packages/bd/79/2c1d832a53c8e0f8e98fc970ec257b950fecd4f62be2ab7182b500a0cbc8/rpds_py-2026.5.1-cp315-cp315t-manylinux_2_5_i686.manylinux1_i686.whl", hash = "sha256:73c4bd4f70294737b5206a3e8e30ccadbf8a60301831c8ea23eec5dbeea1ecfa", size = 405526, upload-time = "2026-05-28T12:01:43.032Z" },
    { url = "https://files.pythonhosted.org/packages/78/c4/c98117b03c6a8581ab2c2dfccfe9a5ad82bd8128a3c28b46a6ad2d97c393/rpds_py-2026.5.1-cp315-cp315t-musllinux_1_2_aarch64.whl", hash = "sha256:43bca78665423cabae77146f2fe7ce55272b6c8d55d82cca83effd42c7e13972", size = 551165, upload-time = "2026-05-28T12:01:44.648Z" },
    { url = "https://files.pythonhosted.org/packages/3b/c1/bc479ca069200af730881b1bd525e3114b2b391a351509fcb1b772f28086/rpds_py-2026.5.1-cp315-cp315t-musllinux_1_2_i686.whl", hash = "sha256:42d0f20e85e549c870749d0e247f0c10d318a45b7e9676d575d2dcb04a1b2e66", size = 618778, upload-time = "2026-05-28T12:01:46.337Z" },
    { url = "https://files.pythonhosted.org/packages/77/65/38ab2f90df44c2febfb63cc10ced40763d9b4bc94d173e734528663fe7f5/rpds_py-2026.5.1-cp315-cp315t-musllinux_1_2_x86_64.whl", hash = "sha256:b1be5c35683684d5331b93600c210e8367c254683d8a6df6bd21bd2da3a334fb", size = 581839, upload-time = "2026-05-28T12:01:48.109Z" },
    { url = "https://files.pythonhosted.org/packages/15/2d/ce1f605fe036aadd460e5822e578c6c7ec3a860936cca37d6e0f299daa77/rpds_py-2026.5.1-cp315-cp315t-win32.whl", hash = "sha256:75808f6c38ce7749bb68cc2770161aae5045e6c6f6781a9782e74b93304399df", size = 207866, upload-time = "2026-05-28T12:01:49.648Z" },
    { url = "https://files.pythonhosted.org/packages/79/cb/966040123eb102371559746908ef2c9471f4d43e17ec9a645a2258dab64b/rpds_py-2026.5.1-cp315-cp315t-win_amd64.whl", hash = "sha256:90bd6630002a1c7f09e7843dd79f0d24f3d2897cc25a753480917865d14f15b3", size = 225441, upload-time = "2026-05-28T12:01:51.408Z" },
]

[[package]]
name = "six"
version = "1.17.0"
source = { registry = "https://pypi.org/simple" }
sdist = { url = "https://files.pythonhosted.org/packages/94/e7/b2c673351809dca68a0e064b6af791aa332cf192da575fd474ed7d6f16a2/six-1.17.0.tar.gz", hash = "sha256:ff70335d468e7eb6ec65b95b99d3a2836546063f63acc5171de367e834932a81", size = 34031, upload-time = "2024-12-04T17:35:28.174Z" }
wheels = [
    { url = "https://files.pythonhosted.org/packages/b7/ce/149a00dd41f10bc29e5921b496af8b574d8413afcd5e30dfa0ed46c2cc5e/six-1.17.0-py2.py3-none-any.whl", hash = "sha256:4721f391ed90541fddacab5acf947aa0d3dc7d27b2e1e8eda2be8970586c3274", size = 11050, upload-time = "2024-12-04T17:35:26.475Z" },
]

[[package]]
name = "telecom-visualization-project"
version = "0.1.0"
source = { virtual = "." }
dependencies = [
    { name = "altair" },
    { name = "pandas" },
]

[package.metadata]
requires-dist = [
    { name = "altair", specifier = ">=6.2.1" },
    { name = "pandas", specifier = ">=3.0.3" },
]

[[package]]
name = "typing-extensions"
version = "4.15.0"
source = { registry = "https://pypi.org/simple" }
sdist = { url = "https://files.pythonhosted.org/packages/72/94/1a15dd82efb362ac84269196e94cf00f187f7ed21c242792a923cdb1c61f/typing_extensions-4.15.0.tar.gz", hash = "sha256:0cea48d173cc12fa28ecabc3b837ea3cf6f38c6d1136f85cbaaf598984861466", size = 109391, upload-time = "2025-08-25T13:49:26.313Z" }
wheels = [
    { url = "https://files.pythonhosted.org/packages/18/67/36e9267722cc04a6b9f15c7f3441c2363321a3ea07da7ae0c0707beb2a9c/typing_extensions-4.15.0-py3-none-any.whl", hash = "sha256:f0fa19c6845758ab08074a0cfa8b7aecb71c999ca73d62883bc25cc018c4e548", size = 44614, upload-time = "2025-08-25T13:49:24.86Z" },
]

[[package]]
name = "tzdata"
version = "2026.2"
source = { registry = "https://pypi.org/simple" }
sdist = { url = "https://files.pythonhosted.org/packages/ba/19/1b9b0e29f30c6d35cb345486df41110984ea67ae69dddbc0e8a100999493/tzdata-2026.2.tar.gz", hash = "sha256:9173fde7d80d9018e02a662e168e5a2d04f87c41ea174b139fbef642eda62d10", size = 198254, upload-time = "2026-04-24T15:22:08.651Z" }
wheels = [
    { url = "https://files.pythonhosted.org/packages/ce/e4/dccd7f47c4b64213ac01ef921a1337ee6e30e8c6466046018326977efd95/tzdata-2026.2-py2.py3-none-any.whl", hash = "sha256:bbe9af844f658da81a5f95019480da3a89415801f6cc966806612cc7169bffe7", size = 349321, upload-time = "2026-04-24T15:22:05.876Z" },
]
